
Microsoft Visual Studio Solution File, Format Version 12.00
Project("{FAE04EC0-301F-11D3-BF4B-00C04F79EFBC}") = "DotnetFriday.Api", "DotnetFriday.Api\DotnetFriday.Api.csproj", "{FCE134B8-BAA3-4A31-9A09-2A9836607A3F}"
EndProject
Project("{FAE04EC0-301F-11D3-BF4B-00C04F79EFBC}") = "DotnetFriday.Domain", "DotnetFriday.Domain\DotnetFriday.Domain.csproj", "{D378B08C-B319-426A-9EAD-7ABF3E2882A1}"
EndProject
Project("{FAE04EC0-301F-11D3-BF4B-00C04F79EFBC}") = "DotnetFriday.Tests", "DotnetFriday.Tests\DotnetFriday.Tests.csproj", "{EC94FA15-3962-45E5-AE65-A6C6D1E8E821}"
EndProject
Global
	GlobalSection(SolutionConfigurationPlatforms) = preSolution
		Debug|Any CPU = Debug|Any CPU
		Release|Any CPU = Release|Any CPU
	EndGlobalSection
	GlobalSection(ProjectConfigurationPlatforms) = postSolution
		{FCE134B8-BAA3-4A31-9A09-2A9836607A3F}.Debug|Any CPU.ActiveCfg = Debug|Any CPU
		{FCE134B8-BAA3-4A31-9A09-2A9836607A3F}.Debug|Any CPU.Build.0 = Debug|Any CPU
		{FCE134B8-BAA3-4A31-9A09-2A9836607A3F}.Release|Any CPU.ActiveCfg = Release|Any CPU
		{FCE134B8-BAA3-4A31-9A09-2A9836607A3F}.Release|Any CPU.Build.0 = Release|Any CPU
		{D378B08C-B319-426A-9EAD-7ABF3E2882A1}.Debug|Any CPU.ActiveCfg = Debug|Any CPU
		{D378B08C-B319-426A-9EAD-7ABF3E2882A1}.Debug|Any CPU.Build.0 = Debug|Any CPU
		{D378B08C-B319-426A-9EAD-7ABF3E2882A1}.Release|Any CPU.ActiveCfg = Release|Any CPU
		{D378B08C-B319-426A-9EAD-7ABF3E2882A1}.Release|Any CPU.Build.0 = Release|Any CPU
		{EC94FA15-3962-45E5-AE65-A6C6D1E8E821}.Debug|Any CPU.ActiveCfg = Debug|Any CPU
		{EC94FA15-3962-45E5-AE65-A6C6D1E8E821}.Debug|Any CPU.Build.0 = Debug|Any CPU
		{EC94FA15-3962-45E5-AE65-A6C6D1E8E821}.Release|Any CPU.ActiveCfg = Release|Any CPU
		{EC94FA15-3962-45E5-AE65-A6C6D1E8E821}.Release|Any CPU.Build.0 = Release|Any CPU
	EndGlobalSection
EndGlobal
